// !$*UTF8*$!
{
	archiveVersion = 1;
	classes = {
	};
	objectVersion = 51;
	objects = {

/* Begin PBXBuildFile section */
		553884787688D0797CCF68DD /* Pods_WeatherTests.framework in Frameworks */ = {isa = PBXBuildFile; fileRef = BF55E8978CD7D59344AA980F /* Pods_WeatherTests.framework */; };
		932B4E022506475400401A73 /* WeatherDecodable.swift in Sources */ = {isa = PBXBuildFile; fileRef = 932B4E012506475400401A73 /* WeatherDecodable.swift */; };
		932B4E2725076C0D00401A73 /* ServiceLocation.swift in Sources */ = {isa = PBXBuildFile; fileRef = 932B4E2625076C0D00401A73 /* ServiceLocation.swift */; };
		93531CDD2506115500E8FEB2 /* AppDelegate.swift in Sources */ = {isa = PBXBuildFile; fileRef = 93531CDC2506115500E8FEB2 /* AppDelegate.swift */; };
		93531CDF2506115500E8FEB2 /* SceneDelegate.swift in Sources */ = {isa = PBXBuildFile; fileRef = 93531CDE2506115500E8FEB2 /* SceneDelegate.swift */; };
		93531CE42506115500E8FEB2 /* Main.storyboard in Resources */ = {isa = PBXBuildFile; fileRef = 93531CE22506115500E8FEB2 /* Main.storyboard */; };
		93531CE72506115500E8FEB2 /* Weather.xcdatamodeld in Sources */ = {isa = PBXBuildFile; fileRef = 93531CE52506115500E8FEB2 /* Weather.xcdatamodeld */; };
		93531CE92506115500E8FEB2 /* Assets.xcassets in Resources */ = {isa = PBXBuildFile; fileRef = 93531CE82506115500E8FEB2 /* Assets.xcassets */; };
		93531CEC2506115500E8FEB2 /* LaunchScreen.storyboard in Resources */ = {isa = PBXBuildFile; fileRef = 93531CEA2506115500E8FEB2 /* LaunchScreen.storyboard */; };
		93531CF72506115600E8FEB2 /* WeatherTests.swift in Sources */ = {isa = PBXBuildFile; fileRef = 93531CF62506115600E8FEB2 /* WeatherTests.swift */; };
		93531D0B25061C3200E8FEB2 /* WeatherViewController.swift in Sources */ = {isa = PBXBuildFile; fileRef = 93531D0A25061C3200E8FEB2 /* WeatherViewController.swift */; };
		93531D0D25061C4200E8FEB2 /* WeatherView.xib in Resources */ = {isa = PBXBuildFile; fileRef = 93531D0C25061C4200E8FEB2 /* WeatherView.xib */; };
		93531D0F25061C5500E8FEB2 /* WeatherInteractor.swift in Sources */ = {isa = PBXBuildFile; fileRef = 93531D0E25061C5500E8FEB2 /* WeatherInteractor.swift */; };
		93531D1125061C6200E8FEB2 /* WeatherPresenter.swift in Sources */ = {isa = PBXBuildFile; fileRef = 93531D1025061C6200E8FEB2 /* WeatherPresenter.swift */; };
		93531D1325061C6D00E8FEB2 /* WeatherBuilder.swift in Sources */ = {isa = PBXBuildFile; fileRef = 93531D1225061C6D00E8FEB2 /* WeatherBuilder.swift */; };
		93531D1525061C7900E8FEB2 /* WeatherRouter.swift in Sources */ = {isa = PBXBuildFile; fileRef = 93531D1425061C7900E8FEB2 /* WeatherRouter.swift */; };
		93531D182506284300E8FEB2 /* WeatherApiOpenWeather.swift in Sources */ = {isa = PBXBuildFile; fileRef = 93531D172506284300E8FEB2 /* WeatherApiOpenWeather.swift */; };
		9353418A2513B7C9009B4553 /* SearchViewController.swift in Sources */ = {isa = PBXBuildFile; fileRef = 935341882513B7C9009B4553 /* SearchViewController.swift */; };
		9353418B2513B7C9009B4553 /* SearchView.xib in Resources */ = {isa = PBXBuildFile; fileRef = 935341892513B7C9009B4553 /* SearchView.xib */; };
		9353418D2513BA00009B4553 /* SearchBuilder.swift in Sources */ = {isa = PBXBuildFile; fileRef = 9353418C2513BA00009B4553 /* SearchBuilder.swift */; };
		9353418F2513BBD3009B4553 /* SearchInteractor.swift in Sources */ = {isa = PBXBuildFile; fileRef = 9353418E2513BBD3009B4553 /* SearchInteractor.swift */; };
		935341912513BC36009B4553 /* SearchPresenter.swift in Sources */ = {isa = PBXBuildFile; fileRef = 935341902513BC36009B4553 /* SearchPresenter.swift */; };
		935341932513BDC9009B4553 /* SearchRouter.swift in Sources */ = {isa = PBXBuildFile; fileRef = 935341922513BDC9009B4553 /* SearchRouter.swift */; };
		9353419C2513C6C2009B4553 /* SearchViewControllerTest.swift in Sources */ = {isa = PBXBuildFile; fileRef = 9353419B2513C6C2009B4553 /* SearchViewControllerTest.swift */; };
		935341A52513DAF6009B4553 /* city.list.min.json in Resources */ = {isa = PBXBuildFile; fileRef = 935341A42513DAF6009B4553 /* city.list.min.json */; };
		935341A62513DAF6009B4553 /* city.list.min.json in Resources */ = {isa = PBXBuildFile; fileRef = 935341A42513DAF6009B4553 /* city.list.min.json */; };
		93576AC02514100E001B89C1 /* cityAll.json in Resources */ = {isa = PBXBuildFile; fileRef = 93576ABF2514100E001B89C1 /* cityAll.json */; };
		93576AC12514100E001B89C1 /* cityAll.json in Resources */ = {isa = PBXBuildFile; fileRef = 93576ABF2514100E001B89C1 /* cityAll.json */; };
		936EB71B2522B08400973633 /* SearchTableViewCell.swift in Sources */ = {isa = PBXBuildFile; fileRef = 936EB7192522B08400973633 /* SearchTableViewCell.swift */; };
		936EB71C2522B08400973633 /* searchTableViewCell.xib in Resources */ = {isa = PBXBuildFile; fileRef = 936EB71A2522B08400973633 /* searchTableViewCell.xib */; };
		93742A5F2514A79C00CA6440 /* WeatherTestsABCD.swift in Sources */ = {isa = PBXBuildFile; fileRef = 93742A5E2514A79C00CA6440 /* WeatherTestsABCD.swift */; };
		937C591F25233171003E36E2 /* City.json in Resources */ = {isa = PBXBuildFile; fileRef = 937C591E25233171003E36E2 /* City.json */; };
		937C5921252346AD003E36E2 /* SearchCityManagerData.swift in Sources */ = {isa = PBXBuildFile; fileRef = 937C5920252346AD003E36E2 /* SearchCityManagerData.swift */; };
		937C592325234727003E36E2 /* SearchDecodable.swift in Sources */ = {isa = PBXBuildFile; fileRef = 937C592225234727003E36E2 /* SearchDecodable.swift */; };
		937C59252523475A003E36E2 /* test.json in Resources */ = {isa = PBXBuildFile; fileRef = 937C59242523475A003E36E2 /* test.json */; };
		937C593025234D05003E36E2 /* CityEntity+CoreDataClass.swift in Sources */ = {isa = PBXBuildFile; fileRef = 937C592E25234D05003E36E2 /* CityEntity+CoreDataClass.swift */; };
		937C593125234D05003E36E2 /* CityEntity+CoreDataProperties.swift in Sources */ = {isa = PBXBuildFile; fileRef = 937C592F25234D05003E36E2 /* CityEntity+CoreDataProperties.swift */; };
		93A64132250FA11300AFC6AA /* ConversionWorker.swift in Sources */ = {isa = PBXBuildFile; fileRef = 93A64131250FA11300AFC6AA /* ConversionWorker.swift */; };
		93AA0FDD2513AC0800725528 /* SearchTextFieldTests.swift in Sources */ = {isa = PBXBuildFile; fileRef = 93AA0FDC2513AC0800725528 /* SearchTextFieldTests.swift */; };
		93AA0FE52513AC3200725528 /* FlowSearch.swift in Sources */ = {isa = PBXBuildFile; fileRef = 93AA0FE42513AC3200725528 /* FlowSearch.swift */; };
		93CCEEB625124A7E000C71F5 /* AnimationFactory.swift in Sources */ = {isa = PBXBuildFile; fileRef = 93CCEEB525124A7E000C71F5 /* AnimationFactory.swift */; };
		93FC25E82513EB8A009BA44C /* CityJson.swift in Sources */ = {isa = PBXBuildFile; fileRef = 93FC25E72513EB8A009BA44C /* CityJson.swift */; };
		BCCB678B082BC0E38E5AD342 /* Pods_Weather.framework in Frameworks */ = {isa = PBXBuildFile; fileRef = 16569DA78FB8FEFB474DC494 /* Pods_Weather.framework */; };
/* End PBXBuildFile section */

/* Begin PBXContainerItemProxy section */
		93531CF32506115600E8FEB2 /* PBXContainerItemProxy */ = {
			isa = PBXContainerItemProxy;
			containerPortal = 93531CD12506115500E8FEB2 /* Project object */;
			proxyType = 1;
			remoteGlobalIDString = 93531CD82506115500E8FEB2;
			remoteInfo = Weather;
		};
		9353419E2513C6C2009B4553 /* PBXContainerItemProxy */ = {
			isa = PBXContainerItemProxy;
			containerPortal = 93531CD12506115500E8FEB2 /* Project object */;
			proxyType = 1;
			remoteGlobalIDString = 93531CD82506115500E8FEB2;
			remoteInfo = Weather;
		};
		93742A612514A79C00CA6440 /* PBXContainerItemProxy */ = {
			isa = PBXContainerItemProxy;
			containerPortal = 93531CD12506115500E8FEB2 /* Project object */;
			proxyType = 1;
			remoteGlobalIDString = 93531CD82506115500E8FEB2;
			remoteInfo = Weather;
		};
		93AA0FDF2513AC0800725528 /* PBXContainerItemProxy */ = {
			isa = PBXContainerItemProxy;
			containerPortal = 93531CD12506115500E8FEB2 /* Project object */;
			proxyType = 1;
			remoteGlobalIDString = 93531CD82506115500E8FEB2;
			remoteInfo = Weather;
		};
/* End PBXContainerItemProxy section */

/* Begin PBXFileReference section */
		16569DA78FB8FEFB474DC494 /* Pods_Weather.framework */ = {isa = PBXFileReference; explicitFileType = wrapper.framework; includeInIndex = 0; path = Pods_Weather.framework; sourceTree = BUILT_PRODUCTS_DIR; };
		8126FDD9CBA5FD36C031D89F /* Pods-Weather.debug.xcconfig */ = {isa = PBXFileReference; includeInIndex = 1; lastKnownFileType = text.xcconfig; name = "Pods-Weather.debug.xcconfig"; path = "Target Support Files/Pods-Weather/Pods-Weather.debug.xcconfig"; sourceTree = "<group>"; };
		932B4E012506475400401A73 /* WeatherDecodable.swift */ = {isa = PBXFileReference; lastKnownFileType = sourcecode.swift; path = WeatherDecodable.swift; sourceTree = "<group>"; };
		932B4E2625076C0D00401A73 /* ServiceLocation.swift */ = {isa = PBXFileReference; lastKnownFileType = sourcecode.swift; path = ServiceLocation.swift; sourceTree = "<group>"; };
		93531CD92506115500E8FEB2 /* Weather.app */ = {isa = PBXFileReference; explicitFileType = wrapper.application; includeInIndex = 0; path = Weather.app; sourceTree = BUILT_PRODUCTS_DIR; };
		93531CDC2506115500E8FEB2 /* AppDelegate.swift */ = {isa = PBXFileReference; lastKnownFileType = sourcecode.swift; path = AppDelegate.swift; sourceTree = "<group>"; };
		93531CDE2506115500E8FEB2 /* SceneDelegate.swift */ = {isa = PBXFileReference; lastKnownFileType = sourcecode.swift; path = SceneDelegate.swift; sourceTree = "<group>"; };
		93531CE32506115500E8FEB2 /* Base */ = {isa = PBXFileReference; lastKnownFileType = file.storyboard; name = Base; path = Base.lproj/Main.storyboard; sourceTree = "<group>"; };
		93531CE62506115500E8FEB2 /* Weather.xcdatamodel */ = {isa = PBXFileReference; lastKnownFileType = wrapper.xcdatamodel; path = Weather.xcdatamodel; sourceTree = "<group>"; };
		93531CE82506115500E8FEB2 /* Assets.xcassets */ = {isa = PBXFileReference; lastKnownFileType = folder.assetcatalog; path = Assets.xcassets; sourceTree = "<group>"; };
		93531CEB2506115500E8FEB2 /* Base */ = {isa = PBXFileReference; lastKnownFileType = file.storyboard; name = Base; path = Base.lproj/LaunchScreen.storyboard; sourceTree = "<group>"; };
		93531CED2506115500E8FEB2 /* Info.plist */ = {isa = PBXFileReference; lastKnownFileType = text.plist.xml; path = Info.plist; sourceTree = "<group>"; };
		93531CF22506115600E8FEB2 /* WeatherTests.xctest */ = {isa = PBXFileReference; explicitFileType = wrapper.cfbundle; includeInIndex = 0; path = WeatherTests.xctest; sourceTree = BUILT_PRODUCTS_DIR; };
		93531CF62506115600E8FEB2 /* WeatherTests.swift */ = {isa = PBXFileReference; lastKnownFileType = sourcecode.swift; path = WeatherTests.swift; sourceTree = "<group>"; };
		93531CF82506115600E8FEB2 /* Info.plist */ = {isa = PBXFileReference; lastKnownFileType = text.plist.xml; path = Info.plist; sourceTree = "<group>"; };
		93531D0A25061C3200E8FEB2 /* WeatherViewController.swift */ = {isa = PBXFileReference; lastKnownFileType = sourcecode.swift; path = WeatherViewController.swift; sourceTree = "<group>"; };
		93531D0C25061C4200E8FEB2 /* WeatherView.xib */ = {isa = PBXFileReference; lastKnownFileType = file.xib; path = WeatherView.xib; sourceTree = "<group>"; };
		93531D0E25061C5500E8FEB2 /* WeatherInteractor.swift */ = {isa = PBXFileReference; lastKnownFileType = sourcecode.swift; path = WeatherInteractor.swift; sourceTree = "<group>"; };
		93531D1025061C6200E8FEB2 /* WeatherPresenter.swift */ = {isa = PBXFileReference; lastKnownFileType = sourcecode.swift; path = WeatherPresenter.swift; sourceTree = "<group>"; };
		93531D1225061C6D00E8FEB2 /* WeatherBuilder.swift */ = {isa = PBXFileReference; lastKnownFileType = sourcecode.swift; path = WeatherBuilder.swift; sourceTree = "<group>"; };
		93531D1425061C7900E8FEB2 /* WeatherRouter.swift */ = {isa = PBXFileReference; lastKnownFileType = sourcecode.swift; path = WeatherRouter.swift; sourceTree = "<group>"; };
		93531D172506284300E8FEB2 /* WeatherApiOpenWeather.swift */ = {isa = PBXFileReference; lastKnownFileType = sourcecode.swift; path = WeatherApiOpenWeather.swift; sourceTree = "<group>"; };
		935341882513B7C9009B4553 /* SearchViewController.swift */ = {isa = PBXFileReference; lastKnownFileType = sourcecode.swift; path = SearchViewController.swift; sourceTree = "<group>"; };
		935341892513B7C9009B4553 /* SearchView.xib */ = {isa = PBXFileReference; lastKnownFileType = file.xib; path = SearchView.xib; sourceTree = "<group>"; };
		9353418C2513BA00009B4553 /* SearchBuilder.swift */ = {isa = PBXFileReference; lastKnownFileType = sourcecode.swift; path = SearchBuilder.swift; sourceTree = "<group>"; };
		9353418E2513BBD3009B4553 /* SearchInteractor.swift */ = {isa = PBXFileReference; lastKnownFileType = sourcecode.swift; path = SearchInteractor.swift; sourceTree = "<group>"; };
		935341902513BC36009B4553 /* SearchPresenter.swift */ = {isa = PBXFileReference; lastKnownFileType = sourcecode.swift; path = SearchPresenter.swift; sourceTree = "<group>"; };
		935341922513BDC9009B4553 /* SearchRouter.swift */ = {isa = PBXFileReference; lastKnownFileType = sourcecode.swift; path = SearchRouter.swift; sourceTree = "<group>"; };
		935341992513C6C2009B4553 /* SearchViewControllerTest.xctest */ = {isa = PBXFileReference; explicitFileType = wrapper.cfbundle; includeInIndex = 0; path = SearchViewControllerTest.xctest; sourceTree = BUILT_PRODUCTS_DIR; };
		9353419B2513C6C2009B4553 /* SearchViewControllerTest.swift */ = {isa = PBXFileReference; lastKnownFileType = sourcecode.swift; path = SearchViewControllerTest.swift; sourceTree = "<group>"; };
		9353419D2513C6C2009B4553 /* Info.plist */ = {isa = PBXFileReference; lastKnownFileType = text.plist.xml; path = Info.plist; sourceTree = "<group>"; };
		935341A42513DAF6009B4553 /* city.list.min.json */ = {isa = PBXFileReference; fileEncoding = 4; lastKnownFileType = text.json; path = city.list.min.json; sourceTree = "<group>"; };
		93576ABF2514100E001B89C1 /* cityAll.json */ = {isa = PBXFileReference; fileEncoding = 4; lastKnownFileType = text.json; path = cityAll.json; sourceTree = "<group>"; };
		936EB7192522B08400973633 /* SearchTableViewCell.swift */ = {isa = PBXFileReference; lastKnownFileType = sourcecode.swift; path = SearchTableViewCell.swift; sourceTree = "<group>"; };
		936EB71A2522B08400973633 /* searchTableViewCell.xib */ = {isa = PBXFileReference; lastKnownFileType = file.xib; path = searchTableViewCell.xib; sourceTree = "<group>"; };
		93742A5C2514A79C00CA6440 /* WeatherTestsABCD.xctest */ = {isa = PBXFileReference; explicitFileType = wrapper.cfbundle; includeInIndex = 0; path = WeatherTestsABCD.xctest; sourceTree = BUILT_PRODUCTS_DIR; };
		93742A5E2514A79C00CA6440 /* WeatherTestsABCD.swift */ = {isa = PBXFileReference; lastKnownFileType = sourcecode.swift; path = WeatherTestsABCD.swift; sourceTree = "<group>"; };
		93742A602514A79C00CA6440 /* Info.plist */ = {isa = PBXFileReference; lastKnownFileType = text.plist.xml; path = Info.plist; sourceTree = "<group>"; };
		937C591E25233171003E36E2 /* City.json */ = {isa = PBXFileReference; lastKnownFileType = text.json; name = City.json; path = Weather/City.json; sourceTree = SOURCE_ROOT; };
		937C5920252346AD003E36E2 /* SearchCityManagerData.swift */ = {isa = PBXFileReference; lastKnownFileType = sourcecode.swift; path = SearchCityManagerData.swift; sourceTree = "<group>"; };
		937C592225234727003E36E2 /* SearchDecodable.swift */ = {isa = PBXFileReference; lastKnownFileType = sourcecode.swift; path = SearchDecodable.swift; sourceTree = "<group>"; };
		937C59242523475A003E36E2 /* test.json */ = {isa = PBXFileReference; fileEncoding = 4; lastKnownFileType = text.json; path = test.json; sourceTree = "<group>"; };
		937C592E25234D05003E36E2 /* CityEntity+CoreDataClass.swift */ = {isa = PBXFileReference; lastKnownFileType = sourcecode.swift; path = "CityEntity+CoreDataClass.swift"; sourceTree = SOURCE_ROOT; };
		937C592F25234D05003E36E2 /* CityEntity+CoreDataProperties.swift */ = {isa = PBXFileReference; lastKnownFileType = sourcecode.swift; path = "CityEntity+CoreDataProperties.swift"; sourceTree = SOURCE_ROOT; };
		93A64131250FA11300AFC6AA /* ConversionWorker.swift */ = {isa = PBXFileReference; lastKnownFileType = sourcecode.swift; path = ConversionWorker.swift; sourceTree = "<group>"; };
		93AA0FDA2513AC0800725528 /* SearchTextFieldTests.xctest */ = {isa = PBXFileReference; explicitFileType = wrapper.cfbundle; includeInIndex = 0; path = SearchTextFieldTests.xctest; sourceTree = BUILT_PRODUCTS_DIR; };
		93AA0FDC2513AC0800725528 /* SearchTextFieldTests.swift */ = {isa = PBXFileReference; lastKnownFileType = sourcecode.swift; path = SearchTextFieldTests.swift; sourceTree = "<group>"; };
		93AA0FDE2513AC0800725528 /* Info.plist */ = {isa = PBXFileReference; lastKnownFileType = text.plist.xml; path = Info.plist; sourceTree = "<group>"; };
		93AA0FE42513AC3200725528 /* FlowSearch.swift */ = {isa = PBXFileReference; lastKnownFileType = sourcecode.swift; path = FlowSearch.swift; sourceTree = "<group>"; };
		93CCEEB525124A7E000C71F5 /* AnimationFactory.swift */ = {isa = PBXFileReference; lastKnownFileType = sourcecode.swift; path = AnimationFactory.swift; sourceTree = "<group>"; };
		93FC25E72513EB8A009BA44C /* CityJson.swift */ = {isa = PBXFileReference; lastKnownFileType = sourcecode.swift; path = CityJson.swift; sourceTree = "<group>"; };
		963EF917585603C9C9AAB041 /* Pods-Weather.release.xcconfig */ = {isa = PBXFileReference; includeInIndex = 1; lastKnownFileType = text.xcconfig; name = "Pods-Weather.release.xcconfig"; path = "Target Support Files/Pods-Weather/Pods-Weather.release.xcconfig"; sourceTree = "<group>"; };
		A4EFA1B9040AB7FAF71A9EB8 /* Pods-WeatherTests.debug.xcconfig */ = {isa = PBXFileReference; includeInIndex = 1; lastKnownFileType = text.xcconfig; name = "Pods-WeatherTests.debug.xcconfig"; path = "Target Support Files/Pods-WeatherTests/Pods-WeatherTests.debug.xcconfig"; sourceTree = "<group>"; };
		A70B1CE1D1EBCFD6CC281C1B /* Pods-WeatherTests.release.xcconfig */ = {isa = PBXFileReference; includeInIndex = 1; lastKnownFileType = text.xcconfig; name = "Pods-WeatherTests.release.xcconfig"; path = "Target Support Files/Pods-WeatherTests/Pods-WeatherTests.release.xcconfig"; sourceTree = "<group>"; };
		BF55E8978CD7D59344AA980F /* Pods_WeatherTests.framework */ = {isa = PBXFileReference; explicitFileType = wrapper.framework; includeInIndex = 0; path = Pods_WeatherTests.framework; sourceTree = BUILT_PRODUCTS_DIR; };
/* End PBXFileReference section */

/* Begin PBXFrameworksBuildPhase section */
		93531CD62506115500E8FEB2 /* Frameworks */ = {
			isa = PBXFrameworksBuildPhase;
			buildActionMask = 2147483647;
			files = (
				BCCB678B082BC0E38E5AD342 /* Pods_Weather.framework in Frameworks */,
			);
			runOnlyForDeploymentPostprocessing = 0;
		};
		93531CEF2506115600E8FEB2 /* Frameworks */ = {
			isa = PBXFrameworksBuildPhase;
			buildActionMask = 2147483647;
			files = (
				553884787688D0797CCF68DD /* Pods_WeatherTests.framework in Frameworks */,
			);
			runOnlyForDeploymentPostprocessing = 0;
		};
		935341962513C6C2009B4553 /* Frameworks */ = {
			isa = PBXFrameworksBuildPhase;
			buildActionMask = 2147483647;
			files = (
			);
			runOnlyForDeploymentPostprocessing = 0;
		};
		93742A592514A79C00CA6440 /* Frameworks */ = {
			isa = PBXFrameworksBuildPhase;
			buildActionMask = 2147483647;
			files = (
			);
			runOnlyForDeploymentPostprocessing = 0;
		};
		93AA0FD72513AC0800725528 /* Frameworks */ = {
			isa = PBXFrameworksBuildPhase;
			buildActionMask = 2147483647;
			files = (
			);
			runOnlyForDeploymentPostprocessing = 0;
		};
/* End PBXFrameworksBuildPhase section */

/* Begin PBXGroup section */
		932B4E0025063E9100401A73 /* Presentation Layer */ = {
			isa = PBXGroup;
			children = (
				932B4E03250698A800401A73 /* Common */,
				93531D0525061B8600E8FEB2 /* Modules */,
			);
			path = "Presentation Layer";
			sourceTree = "<group>";
		};
		932B4E03250698A800401A73 /* Common */ = {
			isa = PBXGroup;
			children = (
				932B4E2625076C0D00401A73 /* ServiceLocation.swift */,
				93CCEEB525124A7E000C71F5 /* AnimationFactory.swift */,
				93FC25E72513EB8A009BA44C /* CityJson.swift */,
			);
			path = Common;
			sourceTree = "<group>";
		};
		93531CD02506115500E8FEB2 = {
			isa = PBXGroup;
			children = (
				93531CDB2506115500E8FEB2 /* Weather */,
				93531CF52506115600E8FEB2 /* WeatherTests */,
				9353419A2513C6C2009B4553 /* SearchViewControllerTest */,
				93AA0FDB2513AC0800725528 /* SearchTextFieldTests */,
				93742A5D2514A79C00CA6440 /* WeatherTestsABCD */,
				93531CDA2506115500E8FEB2 /* Products */,
				CAA001370548870390C58323 /* Pods */,
				D62C267270ED597DF7879705 /* Frameworks */,
			);
			sourceTree = "<group>";
		};
		93531CDA2506115500E8FEB2 /* Products */ = {
			isa = PBXGroup;
			children = (
				93531CD92506115500E8FEB2 /* Weather.app */,
				93531CF22506115600E8FEB2 /* WeatherTests.xctest */,
				93AA0FDA2513AC0800725528 /* SearchTextFieldTests.xctest */,
				935341992513C6C2009B4553 /* SearchViewControllerTest.xctest */,
				93742A5C2514A79C00CA6440 /* WeatherTestsABCD.xctest */,
			);
			name = Products;
			sourceTree = "<group>";
		};
		93531CDB2506115500E8FEB2 /* Weather */ = {
			isa = PBXGroup;
			children = (
				932B4E0025063E9100401A73 /* Presentation Layer */,
				93531D0625061B9500E8FEB2 /* Data Layer */,
				93531D0425061B5D00E8FEB2 /* Application Layer */,
				93531CE22506115500E8FEB2 /* Main.storyboard */,
				937C59242523475A003E36E2 /* test.json */,
				937C591E25233171003E36E2 /* City.json */,
				93576ABF2514100E001B89C1 /* cityAll.json */,
				935341A42513DAF6009B4553 /* city.list.min.json */,
				93531CE82506115500E8FEB2 /* Assets.xcassets */,
				93531CEA2506115500E8FEB2 /* LaunchScreen.storyboard */,
				93531CED2506115500E8FEB2 /* Info.plist */,
				93531CE52506115500E8FEB2 /* Weather.xcdatamodeld */,
			);
			path = Weather;
			sourceTree = "<group>";
		};
		93531CF52506115600E8FEB2 /* WeatherTests */ = {
			isa = PBXGroup;
			children = (
				93531CF62506115600E8FEB2 /* WeatherTests.swift */,
				93531CF82506115600E8FEB2 /* Info.plist */,
			);
			path = WeatherTests;
			sourceTree = "<group>";
		};
		93531D0425061B5D00E8FEB2 /* Application Layer */ = {
			isa = PBXGroup;
			children = (
				93531CDC2506115500E8FEB2 /* AppDelegate.swift */,
				93531CDE2506115500E8FEB2 /* SceneDelegate.swift */,
			);
			path = "Application Layer";
			sourceTree = "<group>";
		};
		93531D0525061B8600E8FEB2 /* Modules */ = {
			isa = PBXGroup;
			children = (
				93531D0925061C1200E8FEB2 /* Weather */,
				935341872513B73E009B4553 /* Search */,
			);
			path = Modules;
			sourceTree = "<group>";
		};
		93531D0625061B9500E8FEB2 /* Data Layer */ = {
			isa = PBXGroup;
			children = (
				93531D0825061BAC00E8FEB2 /* Entities */,
				93531D0725061BA600E8FEB2 /* Services */,
			);
			path = "Data Layer";
			sourceTree = "<group>";
		};
		93531D0725061BA600E8FEB2 /* Services */ = {
			isa = PBXGroup;
			children = (
				93531D162506283100E8FEB2 /* Workers */,
			);
			path = Services;
			sourceTree = "<group>";
		};
		93531D0825061BAC00E8FEB2 /* Entities */ = {
			isa = PBXGroup;
			children = (
				937C592E25234D05003E36E2 /* CityEntity+CoreDataClass.swift */,
				937C592F25234D05003E36E2 /* CityEntity+CoreDataProperties.swift */,
				932B4E012506475400401A73 /* WeatherDecodable.swift */,
				937C592225234727003E36E2 /* SearchDecodable.swift */,
			);
			path = Entities;
			sourceTree = "<group>";
		};
		93531D0925061C1200E8FEB2 /* Weather */ = {
			isa = PBXGroup;
			children = (
				93531D0A25061C3200E8FEB2 /* WeatherViewController.swift */,
				93531D0C25061C4200E8FEB2 /* WeatherView.xib */,
				93531D0E25061C5500E8FEB2 /* WeatherInteractor.swift */,
				93531D1025061C6200E8FEB2 /* WeatherPresenter.swift */,
				93531D1225061C6D00E8FEB2 /* WeatherBuilder.swift */,
				93531D1425061C7900E8FEB2 /* WeatherRouter.swift */,
			);
			path = Weather;
			sourceTree = "<group>";
		};
		93531D162506283100E8FEB2 /* Workers */ = {
			isa = PBXGroup;
			children = (
				93531D172506284300E8FEB2 /* WeatherApiOpenWeather.swift */,
				93A64131250FA11300AFC6AA /* ConversionWorker.swift */,
				937C5920252346AD003E36E2 /* SearchCityManagerData.swift */,
			);
			path = Workers;
			sourceTree = "<group>";
		};
		935341872513B73E009B4553 /* Search */ = {
			isa = PBXGroup;
			children = (
				935341882513B7C9009B4553 /* SearchViewController.swift */,
				935341892513B7C9009B4553 /* SearchView.xib */,
				9353418C2513BA00009B4553 /* SearchBuilder.swift */,
				9353418E2513BBD3009B4553 /* SearchInteractor.swift */,
				935341902513BC36009B4553 /* SearchPresenter.swift */,
				935341922513BDC9009B4553 /* SearchRouter.swift */,
				936EB7192522B08400973633 /* SearchTableViewCell.swift */,
				936EB71A2522B08400973633 /* searchTableViewCell.xib */,
			);
			path = Search;
			sourceTree = "<group>";
		};
		9353419A2513C6C2009B4553 /* SearchViewControllerTest */ = {
			isa = PBXGroup;
			children = (
				9353419B2513C6C2009B4553 /* SearchViewControllerTest.swift */,
				9353419D2513C6C2009B4553 /* Info.plist */,
			);
			path = SearchViewControllerTest;
			sourceTree = "<group>";
		};
		93742A5D2514A79C00CA6440 /* WeatherTestsABCD */ = {
			isa = PBXGroup;
			children = (
				93742A5E2514A79C00CA6440 /* WeatherTestsABCD.swift */,
				93742A602514A79C00CA6440 /* Info.plist */,
			);
			path = WeatherTestsABCD;
			sourceTree = "<group>";
		};
		93AA0FDB2513AC0800725528 /* SearchTextFieldTests */ = {
			isa = PBXGroup;
			children = (
				93AA0FDC2513AC0800725528 /* SearchTextFieldTests.swift */,
				93AA0FDE2513AC0800725528 /* Info.plist */,
				93AA0FE42513AC3200725528 /* FlowSearch.swift */,
			);
			path = SearchTextFieldTests;
			sourceTree = "<group>";
		};
		CAA001370548870390C58323 /* Pods */ = {
			isa = PBXGroup;
			children = (
				8126FDD9CBA5FD36C031D89F /* Pods-Weather.debug.xcconfig */,
				963EF917585603C9C9AAB041 /* Pods-Weather.release.xcconfig */,
				A4EFA1B9040AB7FAF71A9EB8 /* Pods-WeatherTests.debug.xcconfig */,
				A70B1CE1D1EBCFD6CC281C1B /* Pods-WeatherTests.release.xcconfig */,
			);
			path = Pods;
			sourceTree = "<group>";
		};
		D62C267270ED597DF7879705 /* Frameworks */ = {
			isa = PBXGroup;
			children = (
				16569DA78FB8FEFB474DC494 /* Pods_Weather.framework */,
				BF55E8978CD7D59344AA980F /* Pods_WeatherTests.framework */,
			);
			name = Frameworks;
			sourceTree = "<group>";
		};
/* End PBXGroup section */

/* Begin PBXNativeTarget section */
		93531CD82506115500E8FEB2 /* Weather */ = {
			isa = PBXNativeTarget;
			buildConfigurationList = 93531CFB2506115600E8FEB2 /* Build configuration list for PBXNativeTarget "Weather" */;
			buildPhases = (
				FC9F262ECD821DB9C2875C56 /* [CP] Check Pods Manifest.lock */,
				93531CD52506115500E8FEB2 /* Sources */,
				93531CD62506115500E8FEB2 /* Frameworks */,
				93531CD72506115500E8FEB2 /* Resources */,
				B293F32AF12761524A20FB3B /* [CP] Embed Pods Frameworks */,
			);
			buildRules = (
			);
			dependencies = (
			);
			name = Weather;
			productName = Weather;
			productReference = 93531CD92506115500E8FEB2 /* Weather.app */;
			productType = "com.apple.product-type.application";
		};
		93531CF12506115600E8FEB2 /* WeatherTests */ = {
			isa = PBXNativeTarget;
			buildConfigurationList = 93531CFE2506115600E8FEB2 /* Build configuration list for PBXNativeTarget "WeatherTests" */;
			buildPhases = (
				A04FEDFD2053D6C28F87F295 /* [CP] Check Pods Manifest.lock */,
				93531CEE2506115600E8FEB2 /* Sources */,
				93531CEF2506115600E8FEB2 /* Frameworks */,
				93531CF02506115600E8FEB2 /* Resources */,
			);
			buildRules = (
			);
			dependencies = (
				93531CF42506115600E8FEB2 /* PBXTargetDependency */,
			);
			name = WeatherTests;
			productName = WeatherTests;
			productReference = 93531CF22506115600E8FEB2 /* WeatherTests.xctest */;
			productType = "com.apple.product-type.bundle.unit-test";
		};
		935341982513C6C2009B4553 /* SearchViewControllerTest */ = {
			isa = PBXNativeTarget;
			buildConfigurationList = 935341A02513C6C2009B4553 /* Build configuration list for PBXNativeTarget "SearchViewControllerTest" */;
			buildPhases = (
				935341952513C6C2009B4553 /* Sources */,
				935341962513C6C2009B4553 /* Frameworks */,
				935341972513C6C2009B4553 /* Resources */,
			);
			buildRules = (
			);
			dependencies = (
				9353419F2513C6C2009B4553 /* PBXTargetDependency */,
			);
			name = SearchViewControllerTest;
			productName = SearchViewControllerTest;
			productReference = 935341992513C6C2009B4553 /* SearchViewControllerTest.xctest */;
			productType = "com.apple.product-type.bundle.unit-test";
		};
		93742A5B2514A79C00CA6440 /* WeatherTestsABCD */ = {
			isa = PBXNativeTarget;
			buildConfigurationList = 93742A632514A79C00CA6440 /* Build configuration list for PBXNativeTarget "WeatherTestsABCD" */;
			buildPhases = (
				93742A582514A79C00CA6440 /* Sources */,
				93742A592514A79C00CA6440 /* Frameworks */,
				93742A5A2514A79C00CA6440 /* Resources */,
			);
			buildRules = (
			);
			dependencies = (
				93742A622514A79C00CA6440 /* PBXTargetDependency */,
			);
			name = WeatherTestsABCD;
			productName = WeatherTestsABCD;
			productReference = 93742A5C2514A79C00CA6440 /* WeatherTestsABCD.xctest */;
			productType = "com.apple.product-type.bundle.unit-test";
		};
		93AA0FD92513AC0800725528 /* SearchTextFieldTests */ = {
			isa = PBXNativeTarget;
			buildConfigurationList = 93AA0FE12513AC0800725528 /* Build configuration list for PBXNativeTarget "SearchTextFieldTests" */;
			buildPhases = (
				93AA0FD62513AC0800725528 /* Sources */,
				93AA0FD72513AC0800725528 /* Frameworks */,
				93AA0FD82513AC0800725528 /* Resources */,
			);
			buildRules = (
			);
			dependencies = (
				93AA0FE02513AC0800725528 /* PBXTargetDependency */,
			);
			name = SearchTextFieldTests;
			productName = SearchTextFieldTests;
			productReference = 93AA0FDA2513AC0800725528 /* SearchTextFieldTests.xctest */;
			productType = "com.apple.product-type.bundle.unit-test";
		};
/* End PBXNativeTarget section */

/* Begin PBXProject section */
		93531CD12506115500E8FEB2 /* Project object */ = {
			isa = PBXProject;
			attributes = {
				LastSwiftUpdateCheck = 1160;
				LastUpgradeCheck = 1160;
				ORGANIZATIONNAME = "Eddy R";
				TargetAttributes = {
					93531CD82506115500E8FEB2 = {
						CreatedOnToolsVersion = 11.6;
					};
					93531CF12506115600E8FEB2 = {
						CreatedOnToolsVersion = 11.6;
						TestTargetID = 93531CD82506115500E8FEB2;
					};
					935341982513C6C2009B4553 = {
						CreatedOnToolsVersion = 11.6;
						TestTargetID = 93531CD82506115500E8FEB2;
					};
					93742A5B2514A79C00CA6440 = {
						CreatedOnToolsVersion = 11.6;
						TestTargetID = 93531CD82506115500E8FEB2;
					};
					93AA0FD92513AC0800725528 = {
						CreatedOnToolsVersion = 11.6;
						TestTargetID = 93531CD82506115500E8FEB2;
					};
				};
			};
			buildConfigurationList = 93531CD42506115500E8FEB2 /* Build configuration list for PBXProject "Weather" */;
			compatibilityVersion = "Xcode 9.3";
			developmentRegion = en;
			hasScannedForEncodings = 0;
			knownRegions = (
				en,
				Base,
			);
			mainGroup = 93531CD02506115500E8FEB2;
			productRefGroup = 93531CDA2506115500E8FEB2 /* Products */;
			projectDirPath = "";
			projectRoot = "";
			targets = (
				93531CD82506115500E8FEB2 /* Weather */,
				93531CF12506115600E8FEB2 /* WeatherTests */,
				93AA0FD92513AC0800725528 /* SearchTextFieldTests */,
				935341982513C6C2009B4553 /* SearchViewControllerTest */,
				93742A5B2514A79C00CA6440 /* WeatherTestsABCD */,
			);
		};
/* End PBXProject section */

/* Begin PBXResourcesBuildPhase section */
		93531CD72506115500E8FEB2 /* Resources */ = {
			isa = PBXResourcesBuildPhase;
			buildActionMask = 2147483647;
			files = (
				93576AC02514100E001B89C1 /* cityAll.json in Resources */,
				93531CEC2506115500E8FEB2 /* LaunchScreen.storyboard in Resources */,
				935341A52513DAF6009B4553 /* city.list.min.json in Resources */,
				93531CE92506115500E8FEB2 /* Assets.xcassets in Resources */,
				936EB71C2522B08400973633 /* searchTableViewCell.xib in Resources */,
				93531CE42506115500E8FEB2 /* Main.storyboard in Resources */,
				9353418B2513B7C9009B4553 /* SearchView.xib in Resources */,
				937C59252523475A003E36E2 /* test.json in Resources */,
				937C591F25233171003E36E2 /* City.json in Resources */,
				93531D0D25061C4200E8FEB2 /* WeatherView.xib in Resources */,
			);
			runOnlyForDeploymentPostprocessing = 0;
		};
		93531CF02506115600E8FEB2 /* Resources */ = {
			isa = PBXResourcesBuildPhase;
			buildActionMask = 2147483647;
			files = (
			);
			runOnlyForDeploymentPostprocessing = 0;
		};
		935341972513C6C2009B4553 /* Resources */ = {
			isa = PBXResourcesBuildPhase;
			buildActionMask = 2147483647;
			files = (
				93576AC12514100E001B89C1 /* cityAll.json in Resources */,
				935341A62513DAF6009B4553 /* city.list.min.json in Resources */,
			);
			runOnlyForDeploymentPostprocessing = 0;
		};
		93742A5A2514A79C00CA6440 /* Resources */ = {
			isa = PBXResourcesBuildPhase;
			buildActionMask = 2147483647;
			files = (
			);
			runOnlyForDeploymentPostprocessing = 0;
		};
		93AA0FD82513AC0800725528 /* Resources */ = {
			isa = PBXResourcesBuildPhase;
			buildActionMask = 2147483647;
			files = (
			);
			runOnlyForDeploymentPostprocessing = 0;
		};
/* End PBXResourcesBuildPhase section */

/* Begin PBXShellScriptBuildPhase section */
		A04FEDFD2053D6C28F87F295 /* [CP] Check Pods Manifest.lock */ = {
			isa = PBXShellScriptBuildPhase;
			buildActionMask = 2147483647;
			files = (
			);
			inputFileListPaths = (
			);
			inputPaths = (
				"${PODS_PODFILE_DIR_PATH}/Podfile.lock",
				"${PODS_ROOT}/Manifest.lock",
			);
			name = "[CP] Check Pods Manifest.lock";
			outputFileListPaths = (
			);
			outputPaths = (
				"$(DERIVED_FILE_DIR)/Pods-WeatherTests-checkManifestLockResult.txt",
			);
			runOnlyForDeploymentPostprocessing = 0;
			shellPath = /bin/sh;
			shellScript = "diff \"${PODS_PODFILE_DIR_PATH}/Podfile.lock\" \"${PODS_ROOT}/Manifest.lock\" > /dev/null\nif [ $? != 0 ] ; then\n    # print error to STDERR\n    echo \"error: The sandbox is not in sync with the Podfile.lock. Run 'pod install' or update your CocoaPods installation.\" >&2\n    exit 1\nfi\n# This output is used by Xcode 'outputs' to avoid re-running this script phase.\necho \"SUCCESS\" > \"${SCRIPT_OUTPUT_FILE_0}\"\n";
			showEnvVarsInLog = 0;
		};
		B293F32AF12761524A20FB3B /* [CP] Embed Pods Frameworks */ = {
			isa = PBXShellScriptBuildPhase;
			buildActionMask = 2147483647;
			files = (
			);
			inputFileListPaths = (
				"${PODS_ROOT}/Target Support Files/Pods-Weather/Pods-Weather-frameworks-${CONFIGURATION}-input-files.xcfilelist",
			);
			name = "[CP] Embed Pods Frameworks";
			outputFileListPaths = (
				"${PODS_ROOT}/Target Support Files/Pods-Weather/Pods-Weather-frameworks-${CONFIGURATION}-output-files.xcfilelist",
			);
			runOnlyForDeploymentPostprocessing = 0;
			shellPath = /bin/sh;
			shellScript = "\"${PODS_ROOT}/Target Support Files/Pods-Weather/Pods-Weather-frameworks.sh\"\n";
			showEnvVarsInLog = 0;
		};
		FC9F262ECD821DB9C2875C56 /* [CP] Check Pods Manifest.lock */ = {
			isa = PBXShellScriptBuildPhase;
			buildActionMask = 2147483647;
			files = (
			);
			inputFileListPaths = (
			);
			inputPaths = (
				"${PODS_PODFILE_DIR_PATH}/Podfile.lock",
				"${PODS_ROOT}/Manifest.lock",
			);
			name = "[CP] Check Pods Manifest.lock";
			outputFileListPaths = (
			);
			outputPaths = (
				"$(DERIVED_FILE_DIR)/Pods-Weather-checkManifestLockResult.txt",
			);
			runOnlyForDeploymentPostprocessing = 0;
			shellPath = /bin/sh;
			shellScript = "diff \"${PODS_PODFILE_DIR_PATH}/Podfile.lock\" \"${PODS_ROOT}/Manifest.lock\" > /dev/null\nif [ $? != 0 ] ; then\n    # print error to STDERR\n    echo \"error: The sandbox is not in sync with the Podfile.lock. Run 'pod install' or update your CocoaPods installation.\" >&2\n    exit 1\nfi\n# This output is used by Xcode 'outputs' to avoid re-running this script phase.\necho \"SUCCESS\" > \"${SCRIPT_OUTPUT_FILE_0}\"\n";
			showEnvVarsInLog = 0;
		};
/* End PBXShellScriptBuildPhase section */

/* Begin PBXSourcesBuildPhase section */
		93531CD52506115500E8FEB2 /* Sources */ = {
			isa = PBXSourcesBuildPhase;
			buildActionMask = 2147483647;
			files = (
				9353418D2513BA00009B4553 /* SearchBuilder.swift in Sources */,
				93CCEEB625124A7E000C71F5 /* AnimationFactory.swift in Sources */,
				937C593025234D05003E36E2 /* CityEntity+CoreDataClass.swift in Sources */,
				9353418F2513BBD3009B4553 /* SearchInteractor.swift in Sources */,
				93531CE72506115500E8FEB2 /* Weather.xcdatamodeld in Sources */,
				93531D0B25061C3200E8FEB2 /* WeatherViewController.swift in Sources */,
				936EB71B2522B08400973633 /* SearchTableViewCell.swift in Sources */,
				93531D1125061C6200E8FEB2 /* WeatherPresenter.swift in Sources */,
				93FC25E82513EB8A009BA44C /* CityJson.swift in Sources */,
				93531CDD2506115500E8FEB2 /* AppDelegate.swift in Sources */,
				93531D1525061C7900E8FEB2 /* WeatherRouter.swift in Sources */,
				93A64132250FA11300AFC6AA /* ConversionWorker.swift in Sources */,
				932B4E022506475400401A73 /* WeatherDecodable.swift in Sources */,
				9353418A2513B7C9009B4553 /* SearchViewController.swift in Sources */,
				93531CDF2506115500E8FEB2 /* SceneDelegate.swift in Sources */,
				935341932513BDC9009B4553 /* SearchRouter.swift in Sources */,
				93531D182506284300E8FEB2 /* WeatherApiOpenWeather.swift in Sources */,
				93531D1325061C6D00E8FEB2 /* WeatherBuilder.swift in Sources */,
				937C5921252346AD003E36E2 /* SearchCityManagerData.swift in Sources */,
				935341912513BC36009B4553 /* SearchPresenter.swift in Sources */,
				937C592325234727003E36E2 /* SearchDecodable.swift in Sources */,
				932B4E2725076C0D00401A73 /* ServiceLocation.swift in Sources */,
				93531D0F25061C5500E8FEB2 /* WeatherInteractor.swift in Sources */,
				937C593125234D05003E36E2 /* CityEntity+CoreDataProperties.swift in Sources */,
			);
			runOnlyForDeploymentPostprocessing = 0;
		};
		93531CEE2506115600E8FEB2 /* Sources */ = {
			isa = PBXSourcesBuildPhase;
			buildActionMask = 2147483647;
			files = (
				93531CF72506115600E8FEB2 /* WeatherTests.swift in Sources */,
			);
			runOnlyForDeploymentPostprocessing = 0;
		};
		935341952513C6C2009B4553 /* Sources */ = {
			isa = PBXSourcesBuildPhase;
			buildActionMask = 2147483647;
			files = (
				9353419C2513C6C2009B4553 /* SearchViewControllerTest.swift in Sources */,
			);
			runOnlyForDeploymentPostprocessing = 0;
		};
		93742A582514A79C00CA6440 /* Sources */ = {
			isa = PBXSourcesBuildPhase;
			buildActionMask = 2147483647;
			files = (
				93742A5F2514A79C00CA6440 /* WeatherTestsABCD.swift in Sources */,
			);
			runOnlyForDeploymentPostprocessing = 0;
		};
		93AA0FD62513AC0800725528 /* Sources */ = {
			isa = PBXSourcesBuildPhase;
			buildActionMask = 2147483647;
			files = (
				93AA0FDD2513AC0800725528 /* SearchTextFieldTests.swift in Sources */,
				93AA0FE52513AC3200725528 /* FlowSearch.swift in Sources */,
			);
			runOnlyForDeploymentPostprocessing = 0;
		};
/* End PBXSourcesBuildPhase section */

/* Begin PBXTargetDependency section */
		93531CF42506115600E8FEB2 /* PBXTargetDependency */ = {
			isa = PBXTargetDependency;
			target = 93531CD82506115500E8FEB2 /* Weather */;
			targetProxy = 93531CF32506115600E8FEB2 /* PBXContainerItemProxy */;
		};
		9353419F2513C6C2009B4553 /* PBXTargetDependency */ = {
			isa = PBXTargetDependency;
			target = 93531CD82506115500E8FEB2 /* Weather */;
			targetProxy = 9353419E2513C6C2009B4553 /* PBXContainerItemProxy */;
		};
		93742A622514A79C00CA6440 /* PBXTargetDependency */ = {
			isa = PBXTargetDependency;
			target = 93531CD82506115500E8FEB2 /* Weather */;
			targetProxy = 93742A612514A79C00CA6440 /* PBXContainerItemProxy */;
		};
		93AA0FE02513AC0800725528 /* PBXTargetDependency */ = {
			isa = PBXTargetDependency;
			target = 93531CD82506115500E8FEB2 /* Weather */;
			targetProxy = 93AA0FDF2513AC0800725528 /* PBXContainerItemProxy */;
		};
/* End PBXTargetDependency section */

/* Begin PBXVariantGroup section */
		93531CE22506115500E8FEB2 /* Main.storyboard */ = {
			isa = PBXVariantGroup;
			children = (
				93531CE32506115500E8FEB2 /* Base */,
			);
			name = Main.storyboard;
			sourceTree = "<group>";
		};
		93531CEA2506115500E8FEB2 /* LaunchScreen.storyboard */ = {
			isa = PBXVariantGroup;
			children = (
				93531CEB2506115500E8FEB2 /* Base */,
			);
			name = LaunchScreen.storyboard;
			sourceTree = "<group>";
		};
/* End PBXVariantGroup section */

/* Begin XCBuildConfiguration section */
		93531CF92506115600E8FEB2 /* Debug */ = {
			isa = XCBuildConfiguration;
			buildSettings = {
				ALWAYS_SEARCH_USER_PATHS = NO;
				CLANG_ANALYZER_NONNULL = YES;
				CLANG_ANALYZER_NUMBER_OBJECT_CONVERSION = YES_AGGRESSIVE;
				CLANG_CXX_LANGUAGE_STANDARD = "gnu++14";
				CLANG_CXX_LIBRARY = "libc++";
				CLANG_ENABLE_MODULES = YES;
				CLANG_ENABLE_OBJC_ARC = YES;
				CLANG_ENABLE_OBJC_WEAK = YES;
				CLANG_WARN_BLOCK_CAPTURE_AUTORELEASING = YES;
				CLANG_WARN_BOOL_CONVERSION = YES;
				CLANG_WARN_COMMA = YES;
				CLANG_WARN_CONSTANT_CONVERSION = YES;
				CLANG_WARN_DEPRECATED_OBJC_IMPLEMENTATIONS = YES;
				CLANG_WARN_DIRECT_OBJC_ISA_USAGE = YES_ERROR;
				CLANG_WARN_DOCUMENTATION_COMMENTS = YES;
				CLANG_WARN_EMPTY_BODY = YES;
				CLANG_WARN_ENUM_CONVERSION = YES;
				CLANG_WARN_INFINITE_RECURSION = YES;
				CLANG_WARN_INT_CONVERSION = YES;
				CLANG_WARN_NON_LITERAL_NULL_CONVERSION = YES;
				CLANG_WARN_OBJC_IMPLICIT_RETAIN_SELF = YES;
				CLANG_WARN_OBJC_LITERAL_CONVERSION = YES;
				CLANG_WARN_OBJC_ROOT_CLASS = YES_ERROR;
				CLANG_WARN_RANGE_LOOP_ANALYSIS = YES;
				CLANG_WARN_STRICT_PROTOTYPES = YES;
				CLANG_WARN_SUSPICIOUS_MOVE = YES;
				CLANG_WARN_UNGUARDED_AVAILABILITY = YES_AGGRESSIVE;
				CLANG_WARN_UNREACHABLE_CODE = YES;
				CLANG_WARN__DUPLICATE_METHOD_MATCH = YES;
				COPY_PHASE_STRIP = NO;
				DEBUG_INFORMATION_FORMAT = dwarf;
				ENABLE_STRICT_OBJC_MSGSEND = YES;
				ENABLE_TESTABILITY = YES;
				GCC_C_LANGUAGE_STANDARD = gnu11;
				GCC_DYNAMIC_NO_PIC = NO;
				GCC_NO_COMMON_BLOCKS = YES;
				GCC_OPTIMIZATION_LEVEL = 0;
				GCC_PREPROCESSOR_DEFINITIONS = (
					"DEBUG=1",
					"$(inherited)",
				);
				GCC_WARN_64_TO_32_BIT_CONVERSION = YES;
				GCC_WARN_ABOUT_RETURN_TYPE = YES_ERROR;
				GCC_WARN_UNDECLARED_SELECTOR = YES;
				GCC_WARN_UNINITIALIZED_AUTOS = YES_AGGRESSIVE;
				GCC_WARN_UNUSED_FUNCTION = YES;
				GCC_WARN_UNUSED_VARIABLE = YES;
				IPHONEOS_DEPLOYMENT_TARGET = 13.6;
				MTL_ENABLE_DEBUG_INFO = INCLUDE_SOURCE;
				MTL_FAST_MATH = YES;
				ONLY_ACTIVE_ARCH = YES;
				SDKROOT = iphoneos;
				SWIFT_ACTIVE_COMPILATION_CONDITIONS = DEBUG;
				SWIFT_OPTIMIZATION_LEVEL = "-Onone";
			};
			name = Debug;
		};
		93531CFA2506115600E8FEB2 /* Release */ = {
			isa = XCBuildConfiguration;
			buildSettings = {
				ALWAYS_SEARCH_USER_PATHS = NO;
				CLANG_ANALYZER_NONNULL = YES;
				CLANG_ANALYZER_NUMBER_OBJECT_CONVERSION = YES_AGGRESSIVE;
				CLANG_CXX_LANGUAGE_STANDARD = "gnu++14";
				CLANG_CXX_LIBRARY = "libc++";
				CLANG_ENABLE_MODULES = YES;
				CLANG_ENABLE_OBJC_ARC = YES;
				CLANG_ENABLE_OBJC_WEAK = YES;
				CLANG_WARN_BLOCK_CAPTURE_AUTORELEASING = YES;
				CLANG_WARN_BOOL_CONVERSION = YES;
				CLANG_WARN_COMMA = YES;
				CLANG_WARN_CONSTANT_CONVERSION = YES;
				CLANG_WARN_DEPRECATED_OBJC_IMPLEMENTATIONS = YES;
				CLANG_WARN_DIRECT_OBJC_ISA_USAGE = YES_ERROR;
				CLANG_WARN_DOCUMENTATION_COMMENTS = YES;
				CLANG_WARN_EMPTY_BODY = YES;
				CLANG_WARN_ENUM_CONVERSION = YES;
				CLANG_WARN_INFINITE_RECURSION = YES;
				CLANG_WARN_INT_CONVERSION = YES;
				CLANG_WARN_NON_LITERAL_NULL_CONVERSION = YES;
				CLANG_WARN_OBJC_IMPLICIT_RETAIN_SELF = YES;
				CLANG_WARN_OBJC_LITERAL_CONVERSION = YES;
				CLANG_WARN_OBJC_ROOT_CLASS = YES_ERROR;
				CLANG_WARN_RANGE_LOOP_ANALYSIS = YES;
				CLANG_WARN_STRICT_PROTOTYPES = YES;
				CLANG_WARN_SUSPICIOUS_MOVE = YES;
				CLANG_WARN_UNGUARDED_AVAILABILITY = YES_AGGRESSIVE;
				CLANG_WARN_UNREACHABLE_CODE = YES;
				CLANG_WARN__DUPLICATE_METHOD_MATCH = YES;
				COPY_PHASE_STRIP = NO;
				DEBUG_INFORMATION_FORMAT = "dwarf-with-dsym";
				ENABLE_NS_ASSERTIONS = NO;
				ENABLE_STRICT_OBJC_MSGSEND = YES;
				GCC_C_LANGUAGE_STANDARD = gnu11;
				GCC_NO_COMMON_BLOCKS = YES;
				GCC_WARN_64_TO_32_BIT_CONVERSION = YES;
				GCC_WARN_ABOUT_RETURN_TYPE = YES_ERROR;
				GCC_WARN_UNDECLARED_SELECTOR = YES;
				GCC_WARN_UNINITIALIZED_AUTOS = YES_AGGRESSIVE;
				GCC_WARN_UNUSED_FUNCTION = YES;
				GCC_WARN_UNUSED_VARIABLE = YES;
				IPHONEOS_DEPLOYMENT_TARGET = 13.6;
				MTL_ENABLE_DEBUG_INFO = NO;
				MTL_FAST_MATH = YES;
				SDKROOT = iphoneos;
				SWIFT_COMPILATION_MODE = wholemodule;
				SWIFT_OPTIMIZATION_LEVEL = "-O";
				VALIDATE_PRODUCT = YES;
			};
			name = Release;
		};
		93531CFC2506115600E8FEB2 /* Debug */ = {
			isa = XCBuildConfiguration;
			baseConfigurationReference = 8126FDD9CBA5FD36C031D89F /* Pods-Weather.debug.xcconfig */;
			buildSettings = {
				ASSETCATALOG_COMPILER_APPICON_NAME = AppIcon;
				CODE_SIGN_STYLE = Automatic;
				INFOPLIST_FILE = Weather/Info.plist;
				LD_RUNPATH_SEARCH_PATHS = (
					"$(inherited)",
					"@executable_path/Frameworks",
				);
				PRODUCT_BUNDLE_IDENTIFIER = "Dee-R.Weather";
				PRODUCT_NAME = "$(TARGET_NAME)";
				SWIFT_VERSION = 5.0;
				TARGETED_DEVICE_FAMILY = "1,2";
			};
			name = Debug;
		};
		93531CFD2506115600E8FEB2 /* Release */ = {
			isa = XCBuildConfiguration;
			baseConfigurationReference = 963EF917585603C9C9AAB041 /* Pods-Weather.release.xcconfig */;
			buildSettings = {
				ASSETCATALOG_COMPILER_APPICON_NAME = AppIcon;
				CODE_SIGN_STYLE = Automatic;
				INFOPLIST_FILE = Weather/Info.plist;
				LD_RUNPATH_SEARCH_PATHS = (
					"$(inherited)",
					"@executable_path/Frameworks",
				);
				PRODUCT_BUNDLE_IDENTIFIER = "Dee-R.Weather";
				PRODUCT_NAME = "$(TARGET_NAME)";
				SWIFT_VERSION = 5.0;
				TARGETED_DEVICE_FAMILY = "1,2";
			};
			name = Release;
		};
		93531CFF2506115600E8FEB2 /* Debug */ = {
			isa = XCBuildConfiguration;
			baseConfigurationReference = A4EFA1B9040AB7FAF71A9EB8 /* Pods-WeatherTests.debug.xcconfig */;
			buildSettings = {
				ALWAYS_EMBED_SWIFT_STANDARD_LIBRARIES = YES;
				BUNDLE_LOADER = "$(TEST_HOST)";
				CODE_SIGN_STYLE = Automatic;
				INFOPLIST_FILE = WeatherTests/Info.plist;
				IPHONEOS_DEPLOYMENT_TARGET = 13.6;
				LD_RUNPATH_SEARCH_PATHS = (
					"$(inherited)",
					"@executable_path/Frameworks",
					"@loader_path/Frameworks",
				);
				PRODUCT_BUNDLE_IDENTIFIER = "Dee-R.WeatherTests";
				PRODUCT_NAME = "$(TARGET_NAME)";
				SWIFT_VERSION = 5.0;
				TARGETED_DEVICE_FAMILY = "1,2";
				TEST_HOST = "$(BUILT_PRODUCTS_DIR)/Weather.app/Weather";
			};
			name = Debug;
		};
		93531D002506115600E8FEB2 /* Release */ = {
			isa = XCBuildConfiguration;
			baseConfigurationReference = A70B1CE1D1EBCFD6CC281C1B /* Pods-WeatherTests.release.xcconfig */;
			buildSettings = {
				ALWAYS_EMBED_SWIFT_STANDARD_LIBRARIES = YES;
				BUNDLE_LOADER = "$(TEST_HOST)";
				CODE_SIGN_STYLE = Automatic;
				INFOPLIST_FILE = WeatherTests/Info.plist;
				IPHONEOS_DEPLOYMENT_TARGET = 13.6;
				LD_RUNPATH_SEARCH_PATHS = (
					"$(inherited)",
					"@executable_path/Frameworks",
					"@loader_path/Frameworks",
				);
				PRODUCT_BUNDLE_IDENTIFIER = "Dee-R.WeatherTests";
				PRODUCT_NAME = "$(TARGET_NAME)";
				SWIFT_VERSION = 5.0;
				TARGETED_DEVICE_FAMILY = "1,2";
				TEST_HOST = "$(BUILT_PRODUCTS_DIR)/Weather.app/Weather";
			};
			name = Release;
		};
		935341A12513C6C2009B4553 /* Debug */ = {
			isa = XCBuildConfiguration;
			buildSettings = {
				BUNDLE_LOADER = "$(TEST_HOST)";
				CODE_SIGN_STYLE = Automatic;
				INFOPLIST_FILE = SearchViewControllerTest/Info.plist;
				LD_RUNPATH_SEARCH_PATHS = (
					"$(inherited)",
					"@executable_path/Frameworks",
					"@loader_path/Frameworks",
				);
				PRODUCT_BUNDLE_IDENTIFIER = "Dee-R.SearchViewControllerTest";
				PRODUCT_NAME = "$(TARGET_NAME)";
				SWIFT_VERSION = 5.0;
				TARGETED_DEVICE_FAMILY = "1,2";
				TEST_HOST = "$(BUILT_PRODUCTS_DIR)/Weather.app/Weather";
			};
			name = Debug;
		};
		935341A22513C6C2009B4553 /* Release */ = {
			isa = XCBuildConfiguration;
			buildSettings = {
				BUNDLE_LOADER = "$(TEST_HOST)";
				CODE_SIGN_STYLE = Automatic;
				INFOPLIST_FILE = SearchViewControllerTest/Info.plist;
				LD_RUNPATH_SEARCH_PATHS = (
					"$(inherited)",
					"@executable_path/Frameworks",
					"@loader_path/Frameworks",
				);
				PRODUCT_BUNDLE_IDENTIFIER = "Dee-R.SearchViewControllerTest";
				PRODUCT_NAME = "$(TARGET_NAME)";
				SWIFT_VERSION = 5.0;
				TARGETED_DEVICE_FAMILY = "1,2";
				TEST_HOST = "$(BUILT_PRODUCTS_DIR)/Weather.app/Weather";
			};
			name = Release;
		};
		93742A642514A79C00CA6440 /* Debug */ = {
			isa = XCBuildConfiguration;
			buildSettings = {
				BUNDLE_LOADER = "$(TEST_HOST)";
				CODE_SIGN_STYLE = Automatic;
				INFOPLIST_FILE = WeatherTestsABCD/Info.plist;
				LD_RUNPATH_SEARCH_PATHS = (
					"$(inherited)",
					"@executable_path/Frameworks",
					"@loader_path/Frameworks",
				);
				PRODUCT_BUNDLE_IDENTIFIER = "Dee-R.WeatherTestsABCD";
				PRODUCT_NAME = "$(TARGET_NAME)";
				SWIFT_VERSION = 5.0;
				TARGETED_DEVICE_FAMILY = "1,2";
				TEST_HOST = "$(BUILT_PRODUCTS_DIR)/Weather.app/Weather";
			};
			name = Debug;
		};
		93742A652514A79C00CA6440 /* Release */ = {
			isa = XCBuildConfiguration;
			buildSettings = {
				BUNDLE_LOADER = "$(TEST_HOST)";
				CODE_SIGN_STYLE = Automatic;
				INFOPLIST_FILE = WeatherTestsABCD/Info.plist;
				LD_RUNPATH_SEARCH_PATHS = (
					"$(inherited)",
					"@executable_path/Frameworks",
					"@loader_path/Frameworks",
				);
				PRODUCT_BUNDLE_IDENTIFIER = "Dee-R.WeatherTestsABCD";
				PRODUCT_NAME = "$(TARGET_NAME)";
				SWIFT_VERSION = 5.0;
				TARGETED_DEVICE_FAMILY = "1,2";
				TEST_HOST = "$(BUILT_PRODUCTS_DIR)/Weather.app/Weather";
			};
			name = Release;
		};
		93AA0FE22513AC0800725528 /* Debug */ = {
			isa = XCBuildConfiguration;
			buildSettings = {
				BUNDLE_LOADER = "$(TEST_HOST)";
				CODE_SIGN_STYLE = Automatic;
				INFOPLIST_FILE = SearchTextFieldTests/Info.plist;
				LD_RUNPATH_SEARCH_PATHS = (
					"$(inherited)",
					"@executable_path/Frameworks",
					"@loader_path/Frameworks",
				);
				PRODUCT_BUNDLE_IDENTIFIER = "Dee-R.SearchTextFieldTests";
				PRODUCT_NAME = "$(TARGET_NAME)";
				SWIFT_VERSION = 5.0;
				TARGETED_DEVICE_FAMILY = "1,2";
				TEST_HOST = "$(BUILT_PRODUCTS_DIR)/Weather.app/Weather";
			};
			name = Debug;
		};
		93AA0FE32513AC0800725528 /* Release */ = {
			isa = XCBuildConfiguration;
			buildSettings = {
				BUNDLE_LOADER = "$(TEST_HOST)";
				CODE_SIGN_STYLE = Automatic;
				INFOPLIST_FILE = SearchTextFieldTests/Info.plist;
				LD_RUNPATH_SEARCH_PATHS = (
					"$(inherited)",
					"@executable_path/Frameworks",
					"@loader_path/Frameworks",
				);
				PRODUCT_BUNDLE_IDENTIFIER = "Dee-R.SearchTextFieldTests";
				PRODUCT_NAME = "$(TARGET_NAME)";
				SWIFT_VERSION = 5.0;
				TARGETED_DEVICE_FAMILY = "1,2";
				TEST_HOST = "$(BUILT_PRODUCTS_DIR)/Weather.app/Weather";
			};
			name = Release;
		};
/* End XCBuildConfiguration section */

/* Begin XCConfigurationList section */
		93531CD42506115500E8FEB2 /* Build configuration list for PBXProject "Weather" */ = {
			isa = XCConfigurationList;
			buildConfigurations = (
				93531CF92506115600E8FEB2 /* Debug */,
				93531CFA2506115600E8FEB2 /* Release */,
			);
			defaultConfigurationIsVisible = 0;
			defaultConfigurationName = Release;
		};
		93531CFB2506115600E8FEB2 /* Build configuration list for PBXNativeTarget "Weather" */ = {
			isa = XCConfigurationList;
			buildConfigurations = (
				93531CFC2506115600E8FEB2 /* Debug */,
				93531CFD2506115600E8FEB2 /* Release */,
			);
			defaultConfigurationIsVisible = 0;
			defaultConfigurationName = Release;
		};
		93531CFE2506115600E8FEB2 /* Build configuration list for PBXNativeTarget "WeatherTests" */ = {
			isa = XCConfigurationList;
			buildConfigurations = (
				93531CFF2506115600E8FEB2 /* Debug */,
				93531D002506115600E8FEB2 /* Release */,
			);
			defaultConfigurationIsVisible = 0;
			defaultConfigurationName = Release;
		};
		935341A02513C6C2009B4553 /* Build configuration list for PBXNativeTarget "SearchViewControllerTest" */ = {
			isa = XCConfigurationList;
			buildConfigurations = (
				935341A12513C6C2009B4553 /* Debug */,
				935341A22513C6C2009B4553 /* Release */,
			);
			defaultConfigurationIsVisible = 0;
			defaultConfigurationName = Release;
		};
		93742A632514A79C00CA6440 /* Build configuration list for PBXNativeTarget "WeatherTestsABCD" */ = {
			isa = XCConfigurationList;
			buildConfigurations = (
				93742A642514A79C00CA6440 /* Debug */,
				93742A652514A79C00CA6440 /* Release */,
			);
			defaultConfigurationIsVisible = 0;
			defaultConfigurationName = Release;
		};
		93AA0FE12513AC0800725528 /* Build configuration list for PBXNativeTarget "SearchTextFieldTests" */ = {
			isa = XCConfigurationList;
			buildConfigurations = (
				93AA0FE22513AC0800725528 /* Debug */,
				93AA0FE32513AC0800725528 /* Release */,
			);
			defaultConfigurationIsVisible = 0;
			defaultConfigurationName = Release;
		};
/* End XCConfigurationList section */

/* Begin XCVersionGroup section */
		93531CE52506115500E8FEB2 /* Weather.xcdatamodeld */ = {
			isa = XCVersionGroup;
			children = (
				93531CE62506115500E8FEB2 /* Weather.xcdatamodel */,
			);
			currentVersion = 93531CE62506115500E8FEB2 /* Weather.xcdatamodel */;
			path = Weather.xcdatamodeld;
			sourceTree = "<group>";
			versionGroupType = wrapper.xcdatamodel;
		};
/* End XCVersionGroup section */
	};
	rootObject = 93531CD12506115500E8FEB2 /* Project object */;
}
